
Microsoft Visual Studio Solution File, Format Version 12.00
# Visual Studio Version 17
VisualStudioVersion = 17.12.35527.113
MinimumVisualStudioVersion = 10.0.40219.1
Project("{FAE04EC0-301F-11D3-BF4B-00C04F79EFBC}") = "ECommerceWebApp", "ECommerceSystem.API\ECommerceWebApp.csproj", "{18C4581B-D8EC-4AE6-9918-FE78BDF104C6}"
EndProject
Project("{FAE04EC0-301F-11D3-BF4B-00C04F79EFBC}") = "ECommerceSystem.DataAccess", "ECommerceSystem.DataAccess\ECommerceSystem.DataAccess.csproj", "{6F88B346-EA33-4ABB-9452-948E2D0729C3}"
EndProject
Project("{FAE04EC0-301F-11D3-BF4B-00C04F79EFBC}") = "ECommerceSystem.Models", "ECommerceSystem.Models\ECommerceSystem.Models.csproj", "{5F309C24-4750-4C7A-AB06-BF8DA6FECA50}"
EndProject
Project("{FAE04EC0-301F-11D3-BF4B-00C04F79EFBC}") = "ECommerceSystem.Service", "ECommerceSystem.Service\ECommerceSystem.Service.csproj", "{F8DB651B-079C-4C30-9DD5-DB283444FE2A}"
EndProject
Global
	GlobalSection(SolutionConfigurationPlatforms) = preSolution
		Debug|Any CPU = Debug|Any CPU
		Release|Any CPU = Release|Any CPU
	EndGlobalSection
	GlobalSection(ProjectConfigurationPlatforms) = postSolution
		{18C4581B-D8EC-4AE6-9918-FE78BDF104C6}.Debug|Any CPU.ActiveCfg = Debug|Any CPU
		{18C4581B-D8EC-4AE6-9918-FE78BDF104C6}.Debug|Any CPU.Build.0 = Debug|Any CPU
		{18C4581B-D8EC-4AE6-9918-FE78BDF104C6}.Release|Any CPU.ActiveCfg = Release|Any CPU
		{18C4581B-D8EC-4AE6-9918-FE78BDF104C6}.Release|Any CPU.Build.0 = Release|Any CPU
		{6F88B346-EA33-4ABB-9452-948E2D0729C3}.Debug|Any CPU.ActiveCfg = Debug|Any CPU
		{6F88B346-EA33-4ABB-9452-948E2D0729C3}.Debug|Any CPU.Build.0 = Debug|Any CPU
		{6F88B346-EA33-4ABB-9452-948E2D0729C3}.Release|Any CPU.ActiveCfg = Release|Any CPU
		{6F88B346-EA33-4ABB-9452-948E2D0729C3}.Release|Any CPU.Build.0 = Release|Any CPU
		{5F309C24-4750-4C7A-AB06-BF8DA6FECA50}.Debug|Any CPU.ActiveCfg = Debug|Any CPU
		{5F309C24-4750-4C7A-AB06-BF8DA6FECA50}.Debug|Any CPU.Build.0 = Debug|Any CPU
		{5F309C24-4750-4C7A-AB06-BF8DA6FECA50}.Release|Any CPU.ActiveCfg = Release|Any CPU
		{5F309C24-4750-4C7A-AB06-BF8DA6FECA50}.Release|Any CPU.Build.0 = Release|Any CPU
		{F8DB651B-079C-4C30-9DD5-DB283444FE2A}.Debug|Any CPU.ActiveCfg = Debug|Any CPU
		{F8DB651B-079C-4C30-9DD5-DB283444FE2A}.Debug|Any CPU.Build.0 = Debug|Any CPU
		{F8DB651B-079C-4C30-9DD5-DB283444FE2A}.Release|Any CPU.ActiveCfg = Release|Any CPU
		{F8DB651B-079C-4C30-9DD5-DB283444FE2A}.Release|Any CPU.Build.0 = Release|Any CPU
	EndGlobalSection
	GlobalSection(SolutionProperties) = preSolution
		HideSolutionNode = FALSE
	EndGlobalSection
EndGlobal
